PODS:
  - Alamofire (5.4.3)
  - Kingfisher (6.3.0)
  - Moya (14.0.0):
    - Moya/Core (= 14.0.0)
  - Moya/Core (14.0.0):
    - Alamofire (~> 5.0)
  - RxCocoa (6.2.0):
    - RxRelay (= 6.2.0)
    - RxSwift (= 6.2.0)
  - RxRelay (6.2.0):
    - RxSwift (= 6.2.0)
  - RxSwift (6.2.0)

DEPENDENCIES:
  - Kingfisher
  - Moya
  - RxCocoa
  - RxSwift

SPEC REPOS:
  trunk:
    - Alamofire
    - Kingfisher
    - Moya
    - RxCocoa
    - RxRelay
    - RxSwift

SPEC CHECKSUMS:
  Alamofire: e447a2774a40c996748296fa2c55112fdbbc42f9
  Kingfisher: 6c3df386db71d82c0817a429d2c9421a77396529
  Moya: 5b45dacb75adb009f97fde91c204c1e565d31916
  RxCocoa: 4baf94bb35f2c0ab31bc0cb9f1900155f646ba42
  RxRelay: e72dbfd157807478401ef1982e1c61c945c94b2f
  RxSwift: d356ab7bee873611322f134c5f9ef379fa183d8f

PODFILE CHECKSUM: 04d8663ad09976b82de17fd46fab5007d2a1d75a

COCOAPODS: 1.10.1
