// !$*UTF8*$!
{
	archiveVersion = 1;
	classes = {
	};
	objectVersion = 51;
	objects = {

/* Begin PBXBuildFile section */
		3D1EF8A77D7AB641A0F1F84C /* Pods_tonkotsu_ramenTests.framework in Frameworks */ = {isa = PBXBuildFile; fileRef = 7A91F55FC3F2A0785F45E8E1 /* Pods_tonkotsu_ramenTests.framework */; };
		66003BE227995423001D6A38 /* ArticleTableViewCell.xib in Resources */ = {isa = PBXBuildFile; fileRef = 66003BE127995423001D6A38 /* ArticleTableViewCell.xib */; };
		6606F26F279AE500006030CB /* ArticleError.swift in Sources */ = {isa = PBXBuildFile; fileRef = 6606F26E279AE500006030CB /* ArticleError.swift */; };
		6606F271279AEAFB006030CB /* APIErrorMessageConst.swift in Sources */ = {isa = PBXBuildFile; fileRef = 6606F270279AEAFB006030CB /* APIErrorMessageConst.swift */; };
		6606F276279AFAE9006030CB /* AlertUtil.swift in Sources */ = {isa = PBXBuildFile; fileRef = 6606F275279AFAE9006030CB /* AlertUtil.swift */; };
		66245802279994C7003E4174 /* CategoryButtonCollectionViewCell.swift in Sources */ = {isa = PBXBuildFile; fileRef = 66245800279994C7003E4174 /* CategoryButtonCollectionViewCell.swift */; };
		66245803279994C7003E4174 /* CategoryButtonCollectionViewCell.xib in Resources */ = {isa = PBXBuildFile; fileRef = 66245801279994C7003E4174 /* CategoryButtonCollectionViewCell.xib */; };
		66245808279997AC003E4174 /* SettingConst.swift in Sources */ = {isa = PBXBuildFile; fileRef = 66245807279997AC003E4174 /* SettingConst.swift */; };
		6624580A27999871003E4174 /* SearchArticleCategoryButton.swift in Sources */ = {isa = PBXBuildFile; fileRef = 6624580927999871003E4174 /* SearchArticleCategoryButton.swift */; };
		6624580C2799A662003E4174 /* APIConst.swift in Sources */ = {isa = PBXBuildFile; fileRef = 6624580B2799A662003E4174 /* APIConst.swift */; };
		6639E5D926799E510040CB4B /* ArticleTableViewCell.swift in Sources */ = {isa = PBXBuildFile; fileRef = 6639E5D726799E510040CB4B /* ArticleTableViewCell.swift */; };
		663BEE43279CF98A00C74094 /* Flux.swift in Sources */ = {isa = PBXBuildFile; fileRef = 663BEE42279CF98A00C74094 /* Flux.swift */; };
		663BEE45279CF9D600C74094 /* ArticleStore.swift in Sources */ = {isa = PBXBuildFile; fileRef = 663BEE44279CF9D600C74094 /* ArticleStore.swift */; };
		663BEE47279CF9EF00C74094 /* ArticleActionCreator.swift in Sources */ = {isa = PBXBuildFile; fileRef = 663BEE46279CF9EF00C74094 /* ArticleActionCreator.swift */; };
		663BEE49279CFA0800C74094 /* ArticleDispatcher.swift in Sources */ = {isa = PBXBuildFile; fileRef = 663BEE48279CFA0800C74094 /* ArticleDispatcher.swift */; };
		663BEE4B279D1A6200C74094 /* README.md in Resources */ = {isa = PBXBuildFile; fileRef = 663BEE4A279D1A6200C74094 /* README.md */; };
		6682C0D52677299400C244F8 /* ArticleViewModel.swift in Sources */ = {isa = PBXBuildFile; fileRef = 6682C0D42677299400C244F8 /* ArticleViewModel.swift */; };
		6689E5682678BEDC00FBFF12 /* QiitaApiRepository.swift in Sources */ = {isa = PBXBuildFile; fileRef = 6689E5672678BEDC00FBFF12 /* QiitaApiRepository.swift */; };
		668C30C026719E50002FD8AD /* AppDelegate.swift in Sources */ = {isa = PBXBuildFile; fileRef = 668C30BF26719E50002FD8AD /* AppDelegate.swift */; };
		668C30C226719E50002FD8AD /* SceneDelegate.swift in Sources */ = {isa = PBXBuildFile; fileRef = 668C30C126719E50002FD8AD /* SceneDelegate.swift */; };
		668C30C426719E50002FD8AD /* SearchViewController.swift in Sources */ = {isa = PBXBuildFile; fileRef = 668C30C326719E50002FD8AD /* SearchViewController.swift */; };
		668C30C726719E50002FD8AD /* SearchViewController.storyboard in Resources */ = {isa = PBXBuildFile; fileRef = 668C30C526719E50002FD8AD /* SearchViewController.storyboard */; };
		668C30C926719E52002FD8AD /* Assets.xcassets in Resources */ = {isa = PBXBuildFile; fileRef = 668C30C826719E52002FD8AD /* Assets.xcassets */; };
		668C30CC26719E52002FD8AD /* LaunchScreen.storyboard in Resources */ = {isa = PBXBuildFile; fileRef = 668C30CA26719E52002FD8AD /* LaunchScreen.storyboard */; };
		668C30D726719E52002FD8AD /* tonkotsu_ramenTests.swift in Sources */ = {isa = PBXBuildFile; fileRef = 668C30D626719E52002FD8AD /* tonkotsu_ramenTests.swift */; };
		668C30E226719E52002FD8AD /* tonkotsu_ramenUITests.swift in Sources */ = {isa = PBXBuildFile; fileRef = 668C30E126719E52002FD8AD /* tonkotsu_ramenUITests.swift */; };
		668C30F02671A3DF002FD8AD /* Article.swift in Sources */ = {isa = PBXBuildFile; fileRef = 668C30EF2671A3DF002FD8AD /* Article.swift */; };
		668C30F22671A537002FD8AD /* QiitaApi.swift in Sources */ = {isa = PBXBuildFile; fileRef = 668C30F12671A537002FD8AD /* QiitaApi.swift */; };
		66C0B66427D48D4500C1D7B4 /* R.generated.swift in Sources */ = {isa = PBXBuildFile; fileRef = 66C0B66327D48D4500C1D7B4 /* R.generated.swift */; };
		66C0B66727D49A3B00C1D7B4 /* FluxMock.swift in Sources */ = {isa = PBXBuildFile; fileRef = 66C0B66627D49A3B00C1D7B4 /* FluxMock.swift */; };
		66C0B66927D49AF600C1D7B4 /* MockQiitaApiRepository.swift in Sources */ = {isa = PBXBuildFile; fileRef = 66C0B66827D49AF600C1D7B4 /* MockQiitaApiRepository.swift */; };
		66C0B66C27D49C8200C1D7B4 /* MockArticle.swift in Sources */ = {isa = PBXBuildFile; fileRef = 66C0B66B27D49C8200C1D7B4 /* MockArticle.swift */; };
		66C0B67027D4A4B500C1D7B4 /* ArticleViewModel.swift in Sources */ = {isa = PBXBuildFile; fileRef = 66C0B66F27D4A4B500C1D7B4 /* ArticleViewModel.swift */; };
		66D065A227D895AC0047817A /* ArticleStore.swift in Sources */ = {isa = PBXBuildFile; fileRef = 66D065A127D895AC0047817A /* ArticleStore.swift */; };
		9AE4058E1F343D2AD16539FC /* Pods_tonkotsu_ramen.framework in Frameworks */ = {isa = PBXBuildFile; fileRef = EAFD36EF1CF90AFFA135DF00 /* Pods_tonkotsu_ramen.framework */; };
		9C670FFC5CEE0A4F6E53DCA8 /* Pods_tonkotsu_ramen_tonkotsu_ramenUITests.framework in Frameworks */ = {isa = PBXBuildFile; fileRef = 04A18CA70E68C451EB568941 /* Pods_tonkotsu_ramen_tonkotsu_ramenUITests.framework */; };
/* End PBXBuildFile section */

/* Begin PBXContainerItemProxy section */
		668C30D326719E52002FD8AD /* PBXContainerItemProxy */ = {
			isa = PBXContainerItemProxy;
			containerPortal = 668C30B426719E50002FD8AD /* Project object */;
			proxyType = 1;
			remoteGlobalIDString = 668C30BB26719E50002FD8AD;
			remoteInfo = tonkotsu_ramen;
		};
		668C30DE26719E52002FD8AD /* PBXContainerItemProxy */ = {
			isa = PBXContainerItemProxy;
			containerPortal = 668C30B426719E50002FD8AD /* Project object */;
			proxyType = 1;
			remoteGlobalIDString = 668C30BB26719E50002FD8AD;
			remoteInfo = tonkotsu_ramen;
		};
/* End PBXContainerItemProxy section */

/* Begin PBXFileReference section */
		04A18CA70E68C451EB568941 /* Pods_tonkotsu_ramen_tonkotsu_ramenUITests.framework */ = {isa = PBXFileReference; explicitFileType = wrapper.framework; includeInIndex = 0; path = Pods_tonkotsu_ramen_tonkotsu_ramenUITests.framework; sourceTree = BUILT_PRODUCTS_DIR; };
		05F8C614189598025DD205BE /* Pods-tonkotsu_ramen-tonkotsu_ramenUITests.debug.xcconfig */ = {isa = PBXFileReference; includeInIndex = 1; lastKnownFileType = text.xcconfig; name = "Pods-tonkotsu_ramen-tonkotsu_ramenUITests.debug.xcconfig"; path = "Target Support Files/Pods-tonkotsu_ramen-tonkotsu_ramenUITests/Pods-tonkotsu_ramen-tonkotsu_ramenUITests.debug.xcconfig"; sourceTree = "<group>"; };
		66003BE127995423001D6A38 /* ArticleTableViewCell.xib */ = {isa = PBXFileReference; fileEncoding = 4; lastKnownFileType = file.xib; path = ArticleTableViewCell.xib; sourceTree = "<group>"; };
		6606F26E279AE500006030CB /* ArticleError.swift */ = {isa = PBXFileReference; lastKnownFileType = sourcecode.swift; path = ArticleError.swift; sourceTree = "<group>"; };
		6606F270279AEAFB006030CB /* APIErrorMessageConst.swift */ = {isa = PBXFileReference; lastKnownFileType = sourcecode.swift; path = APIErrorMessageConst.swift; sourceTree = "<group>"; };
		6606F275279AFAE9006030CB /* AlertUtil.swift */ = {isa = PBXFileReference; lastKnownFileType = sourcecode.swift; path = AlertUtil.swift; sourceTree = "<group>"; };
		66245800279994C7003E4174 /* CategoryButtonCollectionViewCell.swift */ = {isa = PBXFileReference; lastKnownFileType = sourcecode.swift; path = CategoryButtonCollectionViewCell.swift; sourceTree = "<group>"; };
		66245801279994C7003E4174 /* CategoryButtonCollectionViewCell.xib */ = {isa = PBXFileReference; lastKnownFileType = file.xib; path = CategoryButtonCollectionViewCell.xib; sourceTree = "<group>"; };
		66245807279997AC003E4174 /* SettingConst.swift */ = {isa = PBXFileReference; lastKnownFileType = sourcecode.swift; path = SettingConst.swift; sourceTree = "<group>"; };
		6624580927999871003E4174 /* SearchArticleCategoryButton.swift */ = {isa = PBXFileReference; lastKnownFileType = sourcecode.swift; path = SearchArticleCategoryButton.swift; sourceTree = "<group>"; };
		6624580B2799A662003E4174 /* APIConst.swift */ = {isa = PBXFileReference; lastKnownFileType = sourcecode.swift; path = APIConst.swift; sourceTree = "<group>"; };
		6639E5D726799E510040CB4B /* ArticleTableViewCell.swift */ = {isa = PBXFileReference; lastKnownFileType = sourcecode.swift; path = ArticleTableViewCell.swift; sourceTree = "<group>"; };
		663BEE42279CF98A00C74094 /* Flux.swift */ = {isa = PBXFileReference; lastKnownFileType = sourcecode.swift; path = Flux.swift; sourceTree = "<group>"; };
		663BEE44279CF9D600C74094 /* ArticleStore.swift */ = {isa = PBXFileReference; lastKnownFileType = sourcecode.swift; path = ArticleStore.swift; sourceTree = "<group>"; };
		663BEE46279CF9EF00C74094 /* ArticleActionCreator.swift */ = {isa = PBXFileReference; lastKnownFileType = sourcecode.swift; path = ArticleActionCreator.swift; sourceTree = "<group>"; };
		663BEE48279CFA0800C74094 /* ArticleDispatcher.swift */ = {isa = PBXFileReference; lastKnownFileType = sourcecode.swift; path = ArticleDispatcher.swift; sourceTree = "<group>"; };
		663BEE4A279D1A6200C74094 /* README.md */ = {isa = PBXFileReference; lastKnownFileType = net.daringfireball.markdown; path = README.md; sourceTree = "<group>"; };
		667914CACC882458ED599277 /* Pods-tonkotsu_ramenTests.release.xcconfig */ = {isa = PBXFileReference; includeInIndex = 1; lastKnownFileType = text.xcconfig; name = "Pods-tonkotsu_ramenTests.release.xcconfig"; path = "Target Support Files/Pods-tonkotsu_ramenTests/Pods-tonkotsu_ramenTests.release.xcconfig"; sourceTree = "<group>"; };
		6682C0D42677299400C244F8 /* ArticleViewModel.swift */ = {isa = PBXFileReference; lastKnownFileType = sourcecode.swift; path = ArticleViewModel.swift; sourceTree = "<group>"; };
		6689E5672678BEDC00FBFF12 /* QiitaApiRepository.swift */ = {isa = PBXFileReference; lastKnownFileType = sourcecode.swift; path = QiitaApiRepository.swift; sourceTree = "<group>"; };
		668C30BC26719E50002FD8AD /* tonkotsu_ramen.app */ = {isa = PBXFileReference; explicitFileType = wrapper.application; includeInIndex = 0; path = tonkotsu_ramen.app; sourceTree = BUILT_PRODUCTS_DIR; };
		668C30BF26719E50002FD8AD /* AppDelegate.swift */ = {isa = PBXFileReference; lastKnownFileType = sourcecode.swift; path = AppDelegate.swift; sourceTree = "<group>"; };
		668C30C126719E50002FD8AD /* SceneDelegate.swift */ = {isa = PBXFileReference; lastKnownFileType = sourcecode.swift; path = SceneDelegate.swift; sourceTree = "<group>"; };
		668C30C326719E50002FD8AD /* SearchViewController.swift */ = {isa = PBXFileReference; lastKnownFileType = sourcecode.swift; path = SearchViewController.swift; sourceTree = "<group>"; };
		668C30C626719E50002FD8AD /* Base */ = {isa = PBXFileReference; lastKnownFileType = file.storyboard; name = Base; path = Base.lproj/SearchViewController.storyboard; sourceTree = "<group>"; };
		668C30C826719E52002FD8AD /* Assets.xcassets */ = {isa = PBXFileReference; lastKnownFileType = folder.assetcatalog; path = Assets.xcassets; sourceTree = "<group>"; };
		668C30CB26719E52002FD8AD /* Base */ = {isa = PBXFileReference; lastKnownFileType = file.storyboard; name = Base; path = Base.lproj/LaunchScreen.storyboard; sourceTree = "<group>"; };
		668C30CD26719E52002FD8AD /* Info.plist */ = {isa = PBXFileReference; lastKnownFileType = text.plist.xml; path = Info.plist; sourceTree = "<group>"; };
		668C30D226719E52002FD8AD /* tonkotsu_ramenTests.xctest */ = {isa = PBXFileReference; explicitFileType = wrapper.cfbundle; includeInIndex = 0; path = tonkotsu_ramenTests.xctest; sourceTree = BUILT_PRODUCTS_DIR; };
		668C30D626719E52002FD8AD /* tonkotsu_ramenTests.swift */ = {isa = PBXFileReference; lastKnownFileType = sourcecode.swift; path = tonkotsu_ramenTests.swift; sourceTree = "<group>"; };
		668C30D826719E52002FD8AD /* Info.plist */ = {isa = PBXFileReference; lastKnownFileType = text.plist.xml; path = Info.plist; sourceTree = "<group>"; };
		668C30DD26719E52002FD8AD /* tonkotsu_ramenUITests.xctest */ = {isa = PBXFileReference; explicitFileType = wrapper.cfbundle; includeInIndex = 0; path = tonkotsu_ramenUITests.xctest; sourceTree = BUILT_PRODUCTS_DIR; };
		668C30E126719E52002FD8AD /* tonkotsu_ramenUITests.swift */ = {isa = PBXFileReference; lastKnownFileType = sourcecode.swift; path = tonkotsu_ramenUITests.swift; sourceTree = "<group>"; };
		668C30E326719E52002FD8AD /* Info.plist */ = {isa = PBXFileReference; lastKnownFileType = text.plist.xml; path = Info.plist; sourceTree = "<group>"; };
		668C30EF2671A3DF002FD8AD /* Article.swift */ = {isa = PBXFileReference; lastKnownFileType = sourcecode.swift; path = Article.swift; sourceTree = "<group>"; };
		668C30F12671A537002FD8AD /* QiitaApi.swift */ = {isa = PBXFileReference; lastKnownFileType = sourcecode.swift; path = QiitaApi.swift; sourceTree = "<group>"; };
		66C0B66327D48D4500C1D7B4 /* R.generated.swift */ = {isa = PBXFileReference; fileEncoding = 4; lastKnownFileType = sourcecode.swift; path = R.generated.swift; sourceTree = "<group>"; };
		66C0B66627D49A3B00C1D7B4 /* FluxMock.swift */ = {isa = PBXFileReference; lastKnownFileType = sourcecode.swift; path = FluxMock.swift; sourceTree = "<group>"; };
		66C0B66827D49AF600C1D7B4 /* MockQiitaApiRepository.swift */ = {isa = PBXFileReference; lastKnownFileType = sourcecode.swift; path = MockQiitaApiRepository.swift; sourceTree = "<group>"; };
		66C0B66B27D49C8200C1D7B4 /* MockArticle.swift */ = {isa = PBXFileReference; lastKnownFileType = sourcecode.swift; path = MockArticle.swift; sourceTree = "<group>"; };
		66C0B66F27D4A4B500C1D7B4 /* ArticleViewModel.swift */ = {isa = PBXFileReference; lastKnownFileType = sourcecode.swift; path = ArticleViewModel.swift; sourceTree = "<group>"; };
		66D065A127D895AC0047817A /* ArticleStore.swift */ = {isa = PBXFileReference; lastKnownFileType = sourcecode.swift; path = ArticleStore.swift; sourceTree = "<group>"; };
		7755F99191303681329E969D /* Pods-tonkotsu_ramen.release.xcconfig */ = {isa = PBXFileReference; includeInIndex = 1; lastKnownFileType = text.xcconfig; name = "Pods-tonkotsu_ramen.release.xcconfig"; path = "Target Support Files/Pods-tonkotsu_ramen/Pods-tonkotsu_ramen.release.xcconfig"; sourceTree = "<group>"; };
		7A91F55FC3F2A0785F45E8E1 /* Pods_tonkotsu_ramenTests.framework */ = {isa = PBXFileReference; explicitFileType = wrapper.framework; includeInIndex = 0; path = Pods_tonkotsu_ramenTests.framework; sourceTree = BUILT_PRODUCTS_DIR; };
		B0A0A4861D41EDFE156815E7 /* Pods-tonkotsu_ramen.debug.xcconfig */ = {isa = PBXFileReference; includeInIndex = 1; lastKnownFileType = text.xcconfig; name = "Pods-tonkotsu_ramen.debug.xcconfig"; path = "Target Support Files/Pods-tonkotsu_ramen/Pods-tonkotsu_ramen.debug.xcconfig"; sourceTree = "<group>"; };
		B3A7DA406C34D9A6C8AF187E /* Pods-tonkotsu_ramenTests.debug.xcconfig */ = {isa = PBXFileReference; includeInIndex = 1; lastKnownFileType = text.xcconfig; name = "Pods-tonkotsu_ramenTests.debug.xcconfig"; path = "Target Support Files/Pods-tonkotsu_ramenTests/Pods-tonkotsu_ramenTests.debug.xcconfig"; sourceTree = "<group>"; };
		B44BBD323E4398EDF1F1360F /* Pods-tonkotsu_ramen-tonkotsu_ramenUITests.release.xcconfig */ = {isa = PBXFileReference; includeInIndex = 1; lastKnownFileType = text.xcconfig; name = "Pods-tonkotsu_ramen-tonkotsu_ramenUITests.release.xcconfig"; path = "Target Support Files/Pods-tonkotsu_ramen-tonkotsu_ramenUITests/Pods-tonkotsu_ramen-tonkotsu_ramenUITests.release.xcconfig"; sourceTree = "<group>"; };
		EAFD36EF1CF90AFFA135DF00 /* Pods_tonkotsu_ramen.framework */ = {isa = PBXFileReference; explicitFileType = wrapper.framework; includeInIndex = 0; path = Pods_tonkotsu_ramen.framework; sourceTree = BUILT_PRODUCTS_DIR; };
/* End PBXFileReference section */

/* Begin PBXFrameworksBuildPhase section */
		668C30B926719E50002FD8AD /* Frameworks */ = {
			isa = PBXFrameworksBuildPhase;
			buildActionMask = 2147483647;
			files = (
				9AE4058E1F343D2AD16539FC /* Pods_tonkotsu_ramen.framework in Frameworks */,
			);
			runOnlyForDeploymentPostprocessing = 0;
		};
		668C30CF26719E52002FD8AD /* Frameworks */ = {
			isa = PBXFrameworksBuildPhase;
			buildActionMask = 2147483647;
			files = (
				3D1EF8A77D7AB641A0F1F84C /* Pods_tonkotsu_ramenTests.framework in Frameworks */,
			);
			runOnlyForDeploymentPostprocessing = 0;
		};
		668C30DA26719E52002FD8AD /* Frameworks */ = {
			isa = PBXFrameworksBuildPhase;
			buildActionMask = 2147483647;
			files = (
				9C670FFC5CEE0A4F6E53DCA8 /* Pods_tonkotsu_ramen_tonkotsu_ramenUITests.framework in Frameworks */,
			);
			runOnlyForDeploymentPostprocessing = 0;
		};
/* End PBXFrameworksBuildPhase section */

/* Begin PBXGroup section */
		5DA81760D8E87665B4764744 /* Frameworks */ = {
			isa = PBXGroup;
			children = (
				EAFD36EF1CF90AFFA135DF00 /* Pods_tonkotsu_ramen.framework */,
				04A18CA70E68C451EB568941 /* Pods_tonkotsu_ramen_tonkotsu_ramenUITests.framework */,
				7A91F55FC3F2A0785F45E8E1 /* Pods_tonkotsu_ramenTests.framework */,
			);
			name = Frameworks;
			sourceTree = "<group>";
		};
		6606F274279AFABE006030CB /* Utillity */ = {
			isa = PBXGroup;
			children = (
				6606F275279AFAE9006030CB /* AlertUtil.swift */,
			);
			path = Utillity;
			sourceTree = "<group>";
		};
		6606F279279B1FAC006030CB /* Model */ = {
			isa = PBXGroup;
			children = (
				668C30EF2671A3DF002FD8AD /* Article.swift */,
				6624580927999871003E4174 /* SearchArticleCategoryButton.swift */,
				6606F26E279AE500006030CB /* ArticleError.swift */,
			);
			path = Model;
			sourceTree = "<group>";
		};
		6624580627999789003E4174 /* Const */ = {
			isa = PBXGroup;
			children = (
				6624580B2799A662003E4174 /* APIConst.swift */,
				66245807279997AC003E4174 /* SettingConst.swift */,
				6606F270279AEAFB006030CB /* APIErrorMessageConst.swift */,
			);
			path = Const;
			sourceTree = "<group>";
		};
		663BEE41279CF90500C74094 /* Flux */ = {
			isa = PBXGroup;
			children = (
				663BEE42279CF98A00C74094 /* Flux.swift */,
				663BEE46279CF9EF00C74094 /* ArticleActionCreator.swift */,
				663BEE48279CFA0800C74094 /* ArticleDispatcher.swift */,
				663BEE44279CF9D600C74094 /* ArticleStore.swift */,
			);
			path = Flux;
			sourceTree = "<group>";
		};
		6682C0D0267721BE00C244F8 /* ViewModel */ = {
			isa = PBXGroup;
			children = (
				6682C0D42677299400C244F8 /* ArticleViewModel.swift */,
			);
			path = ViewModel;
			sourceTree = "<group>";
		};
		6682C0D22677226000C244F8 /* View */ = {
			isa = PBXGroup;
			children = (
				668C30C326719E50002FD8AD /* SearchViewController.swift */,
				668C30C526719E50002FD8AD /* SearchViewController.storyboard */,
				6639E5D726799E510040CB4B /* ArticleTableViewCell.swift */,
				66003BE127995423001D6A38 /* ArticleTableViewCell.xib */,
				66245800279994C7003E4174 /* CategoryButtonCollectionViewCell.swift */,
				66245801279994C7003E4174 /* CategoryButtonCollectionViewCell.xib */,
			);
			path = View;
			sourceTree = "<group>";
		};
		6689E5662678BE7B00FBFF12 /* Repository */ = {
			isa = PBXGroup;
			children = (
				668C30F12671A537002FD8AD /* QiitaApi.swift */,
				6689E5672678BEDC00FBFF12 /* QiitaApiRepository.swift */,
			);
			path = Repository;
			sourceTree = "<group>";
		};
		668C30B326719E50002FD8AD = {
			isa = PBXGroup;
			children = (
				663BEE4A279D1A6200C74094 /* README.md */,
				668C30BE26719E50002FD8AD /* tonkotsu_ramen */,
				668C30D526719E52002FD8AD /* tonkotsu_ramenTests */,
				668C30E026719E52002FD8AD /* tonkotsu_ramenUITests */,
				668C30BD26719E50002FD8AD /* Products */,
				DD609A3CCB60AB2DD2E6386F /* Pods */,
				5DA81760D8E87665B4764744 /* Frameworks */,
			);
			sourceTree = "<group>";
		};
		668C30BD26719E50002FD8AD /* Products */ = {
			isa = PBXGroup;
			children = (
				668C30BC26719E50002FD8AD /* tonkotsu_ramen.app */,
				668C30D226719E52002FD8AD /* tonkotsu_ramenTests.xctest */,
				668C30DD26719E52002FD8AD /* tonkotsu_ramenUITests.xctest */,
			);
			name = Products;
			sourceTree = "<group>";
		};
		668C30BE26719E50002FD8AD /* tonkotsu_ramen */ = {
			isa = PBXGroup;
			children = (
				66C0B66327D48D4500C1D7B4 /* R.generated.swift */,
				6624580627999789003E4174 /* Const */,
				6606F274279AFABE006030CB /* Utillity */,
				6689E5662678BE7B00FBFF12 /* Repository */,
				663BEE41279CF90500C74094 /* Flux */,
				6606F279279B1FAC006030CB /* Model */,
				6682C0D0267721BE00C244F8 /* ViewModel */,
				6682C0D22677226000C244F8 /* View */,
				668C30C126719E50002FD8AD /* SceneDelegate.swift */,
				668C30BF26719E50002FD8AD /* AppDelegate.swift */,
				668C30C826719E52002FD8AD /* Assets.xcassets */,
				668C30CA26719E52002FD8AD /* LaunchScreen.storyboard */,
				668C30CD26719E52002FD8AD /* Info.plist */,
			);
			path = tonkotsu_ramen;
			sourceTree = "<group>";
		};
		668C30D526719E52002FD8AD /* tonkotsu_ramenTests */ = {
			isa = PBXGroup;
			children = (
				66C0B66527D499F500C1D7B4 /* Mock */,
				66C0B66D27D4A43D00C1D7B4 /* Tests */,
				668C30D626719E52002FD8AD /* tonkotsu_ramenTests.swift */,
				668C30D826719E52002FD8AD /* Info.plist */,
			);
			path = tonkotsu_ramenTests;
			sourceTree = "<group>";
		};
		668C30E026719E52002FD8AD /* tonkotsu_ramenUITests */ = {
			isa = PBXGroup;
			children = (
				668C30E126719E52002FD8AD /* tonkotsu_ramenUITests.swift */,
				668C30E326719E52002FD8AD /* Info.plist */,
			);
			path = tonkotsu_ramenUITests;
			sourceTree = "<group>";
		};
		66C0B66527D499F500C1D7B4 /* Mock */ = {
			isa = PBXGroup;
			children = (
				66C0B66A27D49C4700C1D7B4 /* MockData */,
				66C0B66627D49A3B00C1D7B4 /* FluxMock.swift */,
				66C0B66827D49AF600C1D7B4 /* MockQiitaApiRepository.swift */,
			);
			path = Mock;
			sourceTree = "<group>";
		};
		66C0B66A27D49C4700C1D7B4 /* MockData */ = {
			isa = PBXGroup;
			children = (
				66C0B66B27D49C8200C1D7B4 /* MockArticle.swift */,
			);
			path = MockData;
			sourceTree = "<group>";
		};
		66C0B66D27D4A43D00C1D7B4 /* Tests */ = {
			isa = PBXGroup;
			children = (
				66D065A027D895930047817A /* Flux */,
				66C0B66E27D4A48800C1D7B4 /* ViewModel */,
			);
			path = Tests;
			sourceTree = "<group>";
		};
		66C0B66E27D4A48800C1D7B4 /* ViewModel */ = {
			isa = PBXGroup;
			children = (
				66C0B66F27D4A4B500C1D7B4 /* ArticleViewModel.swift */,
			);
			path = ViewModel;
			sourceTree = "<group>";
		};
		66D065A027D895930047817A /* Flux */ = {
			isa = PBXGroup;
			children = (
				66D065A127D895AC0047817A /* ArticleStore.swift */,
			);
			path = Flux;
			sourceTree = "<group>";
		};
		DD609A3CCB60AB2DD2E6386F /* Pods */ = {
			isa = PBXGroup;
			children = (
				B0A0A4861D41EDFE156815E7 /* Pods-tonkotsu_ramen.debug.xcconfig */,
				7755F99191303681329E969D /* Pods-tonkotsu_ramen.release.xcconfig */,
				05F8C614189598025DD205BE /* Pods-tonkotsu_ramen-tonkotsu_ramenUITests.debug.xcconfig */,
				B44BBD323E4398EDF1F1360F /* Pods-tonkotsu_ramen-tonkotsu_ramenUITests.release.xcconfig */,
				B3A7DA406C34D9A6C8AF187E /* Pods-tonkotsu_ramenTests.debug.xcconfig */,
				667914CACC882458ED599277 /* Pods-tonkotsu_ramenTests.release.xcconfig */,
			);
			path = Pods;
			sourceTree = "<group>";
		};
/* End PBXGroup section */

/* Begin PBXNativeTarget section */
		668C30BB26719E50002FD8AD /* tonkotsu_ramen */ = {
			isa = PBXNativeTarget;
			buildConfigurationList = 668C30E626719E52002FD8AD /* Build configuration list for PBXNativeTarget "tonkotsu_ramen" */;
			buildPhases = (
				3B3ACF5DFE2757458FF50ED9 /* [CP] Check Pods Manifest.lock */,
				66003BEB27997D03001D6A38 /* ShellScript */,
				668C30B826719E50002FD8AD /* Sources */,
				668C30B926719E50002FD8AD /* Frameworks */,
				668C30BA26719E50002FD8AD /* Resources */,
				A0A13D6895650A8EBBD4C586 /* [CP] Embed Pods Frameworks */,
				6671FC0F279D594600E86BD2 /* Run SwiftLint */,
			);
			buildRules = (
			);
			dependencies = (
			);
			name = tonkotsu_ramen;
			productName = tonkotsu_ramen;
			productReference = 668C30BC26719E50002FD8AD /* tonkotsu_ramen.app */;
			productType = "com.apple.product-type.application";
		};
		668C30D126719E52002FD8AD /* tonkotsu_ramenTests */ = {
			isa = PBXNativeTarget;
			buildConfigurationList = 668C30E926719E52002FD8AD /* Build configuration list for PBXNativeTarget "tonkotsu_ramenTests" */;
			buildPhases = (
				9EBB9A73FDBF9C1634FE8EAE /* [CP] Check Pods Manifest.lock */,
				668C30CE26719E52002FD8AD /* Sources */,
				668C30CF26719E52002FD8AD /* Frameworks */,
				668C30D026719E52002FD8AD /* Resources */,
			);
			buildRules = (
			);
			dependencies = (
				668C30D426719E52002FD8AD /* PBXTargetDependency */,
			);
			name = tonkotsu_ramenTests;
			productName = tonkotsu_ramenTests;
			productReference = 668C30D226719E52002FD8AD /* tonkotsu_ramenTests.xctest */;
			productType = "com.apple.product-type.bundle.unit-test";
		};
		668C30DC26719E52002FD8AD /* tonkotsu_ramenUITests */ = {
			isa = PBXNativeTarget;
			buildConfigurationList = 668C30EC26719E52002FD8AD /* Build configuration list for PBXNativeTarget "tonkotsu_ramenUITests" */;
			buildPhases = (
				B275CB2F7C9C36237430A07D /* [CP] Check Pods Manifest.lock */,
				668C30D926719E52002FD8AD /* Sources */,
				668C30DA26719E52002FD8AD /* Frameworks */,
				668C30DB26719E52002FD8AD /* Resources */,
				4727AFD75820A0ECE9C4CD82 /* [CP] Embed Pods Frameworks */,
			);
			buildRules = (
			);
			dependencies = (
				668C30DF26719E52002FD8AD /* PBXTargetDependency */,
			);
			name = tonkotsu_ramenUITests;
			productName = tonkotsu_ramenUITests;
			productReference = 668C30DD26719E52002FD8AD /* tonkotsu_ramenUITests.xctest */;
			productType = "com.apple.product-type.bundle.ui-testing";
		};
/* End PBXNativeTarget section */

/* Begin PBXProject section */
		668C30B426719E50002FD8AD /* Project object */ = {
			isa = PBXProject;
			attributes = {
				LastSwiftUpdateCheck = 1250;
				LastUpgradeCheck = 1250;
				TargetAttributes = {
					668C30BB26719E50002FD8AD = {
						CreatedOnToolsVersion = 12.5;
					};
					668C30D126719E52002FD8AD = {
						CreatedOnToolsVersion = 12.5;
						TestTargetID = 668C30BB26719E50002FD8AD;
					};
					668C30DC26719E52002FD8AD = {
						CreatedOnToolsVersion = 12.5;
						TestTargetID = 668C30BB26719E50002FD8AD;
					};
				};
			};
			buildConfigurationList = 668C30B726719E50002FD8AD /* Build configuration list for PBXProject "tonkotsu_ramen" */;
			compatibilityVersion = "Xcode 9.3";
			developmentRegion = en;
			hasScannedForEncodings = 0;
			knownRegions = (
				en,
				Base,
			);
			mainGroup = 668C30B326719E50002FD8AD;
			productRefGroup = 668C30BD26719E50002FD8AD /* Products */;
			projectDirPath = "";
			projectRoot = "";
			targets = (
				668C30BB26719E50002FD8AD /* tonkotsu_ramen */,
				668C30D126719E52002FD8AD /* tonkotsu_ramenTests */,
				668C30DC26719E52002FD8AD /* tonkotsu_ramenUITests */,
			);
		};
/* End PBXProject section */

/* Begin PBXResourcesBuildPhase section */
		668C30BA26719E50002FD8AD /* Resources */ = {
			isa = PBXResourcesBuildPhase;
			buildActionMask = 2147483647;
			files = (
				663BEE4B279D1A6200C74094 /* README.md in Resources */,
				668C30CC26719E52002FD8AD /* LaunchScreen.storyboard in Resources */,
				668C30C926719E52002FD8AD /* Assets.xcassets in Resources */,
				66003BE227995423001D6A38 /* ArticleTableViewCell.xib in Resources */,
				668C30C726719E50002FD8AD /* SearchViewController.storyboard in Resources */,
				66245803279994C7003E4174 /* CategoryButtonCollectionViewCell.xib in Resources */,
			);
			runOnlyForDeploymentPostprocessing = 0;
		};
		668C30D026719E52002FD8AD /* Resources */ = {
			isa = PBXResourcesBuildPhase;
			buildActionMask = 2147483647;
			files = (
			);
			runOnlyForDeploymentPostprocessing = 0;
		};
		668C30DB26719E52002FD8AD /* Resources */ = {
			isa = PBXResourcesBuildPhase;
			buildActionMask = 2147483647;
			files = (
			);
			runOnlyForDeploymentPostprocessing = 0;
		};
/* End PBXResourcesBuildPhase section */

/* Begin PBXShellScriptBuildPhase section */
		3B3ACF5DFE2757458FF50ED9 /* [CP] Check Pods Manifest.lock */ = {
			isa = PBXShellScriptBuildPhase;
			buildActionMask = 2147483647;
			files = (
			);
			inputFileListPaths = (
			);
			inputPaths = (
				"${PODS_PODFILE_DIR_PATH}/Podfile.lock",
				"${PODS_ROOT}/Manifest.lock",
			);
			name = "[CP] Check Pods Manifest.lock";
			outputFileListPaths = (
			);
			outputPaths = (
				"$(DERIVED_FILE_DIR)/Pods-tonkotsu_ramen-checkManifestLockResult.txt",
			);
			runOnlyForDeploymentPostprocessing = 0;
			shellPath = /bin/sh;
			shellScript = "diff \"${PODS_PODFILE_DIR_PATH}/Podfile.lock\" \"${PODS_ROOT}/Manifest.lock\" > /dev/null\nif [ $? != 0 ] ; then\n    # print error to STDERR\n    echo \"error: The sandbox is not in sync with the Podfile.lock. Run 'pod install' or update your CocoaPods installation.\" >&2\n    exit 1\nfi\n# This output is used by Xcode 'outputs' to avoid re-running this script phase.\necho \"SUCCESS\" > \"${SCRIPT_OUTPUT_FILE_0}\"\n";
			showEnvVarsInLog = 0;
		};
		4727AFD75820A0ECE9C4CD82 /* [CP] Embed Pods Frameworks */ = {
			isa = PBXShellScriptBuildPhase;
			buildActionMask = 2147483647;
			files = (
			);
			inputFileListPaths = (
				"${PODS_ROOT}/Target Support Files/Pods-tonkotsu_ramen-tonkotsu_ramenUITests/Pods-tonkotsu_ramen-tonkotsu_ramenUITests-frameworks-${CONFIGURATION}-input-files.xcfilelist",
			);
			name = "[CP] Embed Pods Frameworks";
			outputFileListPaths = (
				"${PODS_ROOT}/Target Support Files/Pods-tonkotsu_ramen-tonkotsu_ramenUITests/Pods-tonkotsu_ramen-tonkotsu_ramenUITests-frameworks-${CONFIGURATION}-output-files.xcfilelist",
			);
			runOnlyForDeploymentPostprocessing = 0;
			shellPath = /bin/sh;
			shellScript = "\"${PODS_ROOT}/Target Support Files/Pods-tonkotsu_ramen-tonkotsu_ramenUITests/Pods-tonkotsu_ramen-tonkotsu_ramenUITests-frameworks.sh\"\n";
			showEnvVarsInLog = 0;
		};
		66003BEB27997D03001D6A38 /* ShellScript */ = {
			isa = PBXShellScriptBuildPhase;
			buildActionMask = 2147483647;
			files = (
			);
			inputFileListPaths = (
				"",
			);
			inputPaths = (
				"",
				"$TEMP_DIR/rswift-lastrun",
			);
			outputFileListPaths = (
			);
			outputPaths = (
				$SRCROOT/R.generated.swift,
			);
			runOnlyForDeploymentPostprocessing = 0;
			shellPath = /bin/sh;
			shellScript = "\"$PODS_ROOT/R.swift/rswift\" generate \"$SRCROOT/$PROJECT_NAME/R.generated.swift\"\n";
		};
		6671FC0F279D594600E86BD2 /* Run SwiftLint */ = {
			isa = PBXShellScriptBuildPhase;
			buildActionMask = 2147483647;
			files = (
			);
			inputFileListPaths = (
			);
			inputPaths = (
			);
			name = "Run SwiftLint";
			outputFileListPaths = (
			);
			outputPaths = (
			);
			runOnlyForDeploymentPostprocessing = 0;
			shellPath = /bin/sh;
			shellScript = "if which \"${PODS_ROOT}/SwiftLint/swiftlint\" >/dev/null; then\n  \"${PODS_ROOT}/SwiftLint/swiftlint\"\nelse\n  echo \"warning: SwiftLint not installed, download from https://github.com/realm/SwiftLint\"\nfi\n";
		};
		9EBB9A73FDBF9C1634FE8EAE /* [CP] Check Pods Manifest.lock */ = {
			isa = PBXShellScriptBuildPhase;
			buildActionMask = 2147483647;
			files = (
			);
			inputFileListPaths = (
			);
			inputPaths = (
				"${PODS_PODFILE_DIR_PATH}/Podfile.lock",
				"${PODS_ROOT}/Manifest.lock",
			);
			name = "[CP] Check Pods Manifest.lock";
			outputFileListPaths = (
			);
			outputPaths = (
				"$(DERIVED_FILE_DIR)/Pods-tonkotsu_ramenTests-checkManifestLockResult.txt",
			);
			runOnlyForDeploymentPostprocessing = 0;
			shellPath = /bin/sh;
			shellScript = "diff \"${PODS_PODFILE_DIR_PATH}/Podfile.lock\" \"${PODS_ROOT}/Manifest.lock\" > /dev/null\nif [ $? != 0 ] ; then\n    # print error to STDERR\n    echo \"error: The sandbox is not in sync with the Podfile.lock. Run 'pod install' or update your CocoaPods installation.\" >&2\n    exit 1\nfi\n# This output is used by Xcode 'outputs' to avoid re-running this script phase.\necho \"SUCCESS\" > \"${SCRIPT_OUTPUT_FILE_0}\"\n";
			showEnvVarsInLog = 0;
		};
		A0A13D6895650A8EBBD4C586 /* [CP] Embed Pods Frameworks */ = {
			isa = PBXShellScriptBuildPhase;
			buildActionMask = 2147483647;
			files = (
			);
			inputFileListPaths = (
				"${PODS_ROOT}/Target Support Files/Pods-tonkotsu_ramen/Pods-tonkotsu_ramen-frameworks-${CONFIGURATION}-input-files.xcfilelist",
			);
			name = "[CP] Embed Pods Frameworks";
			outputFileListPaths = (
				"${PODS_ROOT}/Target Support Files/Pods-tonkotsu_ramen/Pods-tonkotsu_ramen-frameworks-${CONFIGURATION}-output-files.xcfilelist",
			);
			runOnlyForDeploymentPostprocessing = 0;
			shellPath = /bin/sh;
			shellScript = "\"${PODS_ROOT}/Target Support Files/Pods-tonkotsu_ramen/Pods-tonkotsu_ramen-frameworks.sh\"\n";
			showEnvVarsInLog = 0;
		};
		B275CB2F7C9C36237430A07D /* [CP] Check Pods Manifest.lock */ = {
			isa = PBXShellScriptBuildPhase;
			buildActionMask = 2147483647;
			files = (
			);
			inputFileListPaths = (
			);
			inputPaths = (
				"${PODS_PODFILE_DIR_PATH}/Podfile.lock",
				"${PODS_ROOT}/Manifest.lock",
			);
			name = "[CP] Check Pods Manifest.lock";
			outputFileListPaths = (
			);
			outputPaths = (
				"$(DERIVED_FILE_DIR)/Pods-tonkotsu_ramen-tonkotsu_ramenUITests-checkManifestLockResult.txt",
			);
			runOnlyForDeploymentPostprocessing = 0;
			shellPath = /bin/sh;
			shellScript = "diff \"${PODS_PODFILE_DIR_PATH}/Podfile.lock\" \"${PODS_ROOT}/Manifest.lock\" > /dev/null\nif [ $? != 0 ] ; then\n    # print error to STDERR\n    echo \"error: The sandbox is not in sync with the Podfile.lock. Run 'pod install' or update your CocoaPods installation.\" >&2\n    exit 1\nfi\n# This output is used by Xcode 'outputs' to avoid re-running this script phase.\necho \"SUCCESS\" > \"${SCRIPT_OUTPUT_FILE_0}\"\n";
			showEnvVarsInLog = 0;
		};
/* End PBXShellScriptBuildPhase section */

/* Begin PBXSourcesBuildPhase section */
		668C30B826719E50002FD8AD /* Sources */ = {
			isa = PBXSourcesBuildPhase;
			buildActionMask = 2147483647;
			files = (
				6606F276279AFAE9006030CB /* AlertUtil.swift in Sources */,
				668C30F02671A3DF002FD8AD /* Article.swift in Sources */,
				6606F26F279AE500006030CB /* ArticleError.swift in Sources */,
				668C30C426719E50002FD8AD /* SearchViewController.swift in Sources */,
				663BEE45279CF9D600C74094 /* ArticleStore.swift in Sources */,
				66245802279994C7003E4174 /* CategoryButtonCollectionViewCell.swift in Sources */,
				663BEE47279CF9EF00C74094 /* ArticleActionCreator.swift in Sources */,
				66C0B66427D48D4500C1D7B4 /* R.generated.swift in Sources */,
				6624580C2799A662003E4174 /* APIConst.swift in Sources */,
				6606F271279AEAFB006030CB /* APIErrorMessageConst.swift in Sources */,
				663BEE49279CFA0800C74094 /* ArticleDispatcher.swift in Sources */,
				668C30F22671A537002FD8AD /* QiitaApi.swift in Sources */,
				663BEE43279CF98A00C74094 /* Flux.swift in Sources */,
				6624580A27999871003E4174 /* SearchArticleCategoryButton.swift in Sources */,
				6682C0D52677299400C244F8 /* ArticleViewModel.swift in Sources */,
				6639E5D926799E510040CB4B /* ArticleTableViewCell.swift in Sources */,
				6689E5682678BEDC00FBFF12 /* QiitaApiRepository.swift in Sources */,
				668C30C026719E50002FD8AD /* AppDelegate.swift in Sources */,
				668C30C226719E50002FD8AD /* SceneDelegate.swift in Sources */,
				66245808279997AC003E4174 /* SettingConst.swift in Sources */,
			);
			runOnlyForDeploymentPostprocessing = 0;
		};
		668C30CE26719E52002FD8AD /* Sources */ = {
			isa = PBXSourcesBuildPhase;
			buildActionMask = 2147483647;
			files = (
				66C0B66727D49A3B00C1D7B4 /* FluxMock.swift in Sources */,
				668C30D726719E52002FD8AD /* tonkotsu_ramenTests.swift in Sources */,
				66C0B66C27D49C8200C1D7B4 /* MockArticle.swift in Sources */,
				66C0B67027D4A4B500C1D7B4 /* ArticleViewModel.swift in Sources */,
				66D065A227D895AC0047817A /* ArticleStore.swift in Sources */,
				66C0B66927D49AF600C1D7B4 /* MockQiitaApiRepository.swift in Sources */,
			);
			runOnlyForDeploymentPostprocessing = 0;
		};
		668C30D926719E52002FD8AD /* Sources */ = {
			isa = PBXSourcesBuildPhase;
			buildActionMask = 2147483647;
			files = (
				668C30E226719E52002FD8AD /* tonkotsu_ramenUITests.swift in Sources */,
			);
			runOnlyForDeploymentPostprocessing = 0;
		};
/* End PBXSourcesBuildPhase section */

/* Begin PBXTargetDependency section */
		668C30D426719E52002FD8AD /* PBXTargetDependency */ = {
			isa = PBXTargetDependency;
			target = 668C30BB26719E50002FD8AD /* tonkotsu_ramen */;
			targetProxy = 668C30D326719E52002FD8AD /* PBXContainerItemProxy */;
		};
		668C30DF26719E52002FD8AD /* PBXTargetDependency */ = {
			isa = PBXTargetDependency;
			target = 668C30BB26719E50002FD8AD /* tonkotsu_ramen */;
			targetProxy = 668C30DE26719E52002FD8AD /* PBXContainerItemProxy */;
		};
/* End PBXTargetDependency section */

/* Begin PBXVariantGroup section */
		668C30C526719E50002FD8AD /* SearchViewController.storyboard */ = {
			isa = PBXVariantGroup;
			children = (
				668C30C626719E50002FD8AD /* Base */,
			);
			name = SearchViewController.storyboard;
			sourceTree = "<group>";
		};
		668C30CA26719E52002FD8AD /* LaunchScreen.storyboard */ = {
			isa = PBXVariantGroup;
			children = (
				668C30CB26719E52002FD8AD /* Base */,
			);
			name = LaunchScreen.storyboard;
			sourceTree = "<group>";
		};
/* End PBXVariantGroup section */

/* Begin XCBuildConfiguration section */
		668C30E426719E52002FD8AD /* Debug */ = {
			isa = XCBuildConfiguration;
			buildSettings = {
				ALWAYS_SEARCH_USER_PATHS = NO;
				CLANG_ANALYZER_NONNULL = YES;
				CLANG_ANALYZER_NUMBER_OBJECT_CONVERSION = YES_AGGRESSIVE;
				CLANG_CXX_LANGUAGE_STANDARD = "gnu++14";
				CLANG_CXX_LIBRARY = "libc++";
				CLANG_ENABLE_MODULES = YES;
				CLANG_ENABLE_OBJC_ARC = YES;
				CLANG_ENABLE_OBJC_WEAK = YES;
				CLANG_WARN_BLOCK_CAPTURE_AUTORELEASING = YES;
				CLANG_WARN_BOOL_CONVERSION = YES;
				CLANG_WARN_COMMA = YES;
				CLANG_WARN_CONSTANT_CONVERSION = YES;
				CLANG_WARN_DEPRECATED_OBJC_IMPLEMENTATIONS = YES;
				CLANG_WARN_DIRECT_OBJC_ISA_USAGE = YES_ERROR;
				CLANG_WARN_DOCUMENTATION_COMMENTS = YES;
				CLANG_WARN_EMPTY_BODY = YES;
				CLANG_WARN_ENUM_CONVERSION = YES;
				CLANG_WARN_INFINITE_RECURSION = YES;
				CLANG_WARN_INT_CONVERSION = YES;
				CLANG_WARN_NON_LITERAL_NULL_CONVERSION = YES;
				CLANG_WARN_OBJC_IMPLICIT_RETAIN_SELF = YES;
				CLANG_WARN_OBJC_LITERAL_CONVERSION = YES;
				CLANG_WARN_OBJC_ROOT_CLASS = YES_ERROR;
				CLANG_WARN_QUOTED_INCLUDE_IN_FRAMEWORK_HEADER = YES;
				CLANG_WARN_RANGE_LOOP_ANALYSIS = YES;
				CLANG_WARN_STRICT_PROTOTYPES = YES;
				CLANG_WARN_SUSPICIOUS_MOVE = YES;
				CLANG_WARN_UNGUARDED_AVAILABILITY = YES_AGGRESSIVE;
				CLANG_WARN_UNREACHABLE_CODE = YES;
				CLANG_WARN__DUPLICATE_METHOD_MATCH = YES;
				COPY_PHASE_STRIP = NO;
				DEBUG_INFORMATION_FORMAT = dwarf;
				ENABLE_STRICT_OBJC_MSGSEND = YES;
				ENABLE_TESTABILITY = YES;
				GCC_C_LANGUAGE_STANDARD = gnu11;
				GCC_DYNAMIC_NO_PIC = NO;
				GCC_NO_COMMON_BLOCKS = YES;
				GCC_OPTIMIZATION_LEVEL = 0;
				GCC_PREPROCESSOR_DEFINITIONS = (
					"DEBUG=1",
					"$(inherited)",
				);
				GCC_WARN_64_TO_32_BIT_CONVERSION = YES;
				GCC_WARN_ABOUT_RETURN_TYPE = YES_ERROR;
				GCC_WARN_UNDECLARED_SELECTOR = YES;
				GCC_WARN_UNINITIALIZED_AUTOS = YES_AGGRESSIVE;
				GCC_WARN_UNUSED_FUNCTION = YES;
				GCC_WARN_UNUSED_VARIABLE = YES;
				IPHONEOS_DEPLOYMENT_TARGET = 14.5;
				MTL_ENABLE_DEBUG_INFO = INCLUDE_SOURCE;
				MTL_FAST_MATH = YES;
				ONLY_ACTIVE_ARCH = YES;
				SDKROOT = iphoneos;
				SWIFT_ACTIVE_COMPILATION_CONDITIONS = DEBUG;
				SWIFT_OPTIMIZATION_LEVEL = "-Onone";
			};
			name = Debug;
		};
		668C30E526719E52002FD8AD /* Release */ = {
			isa = XCBuildConfiguration;
			buildSettings = {
				ALWAYS_SEARCH_USER_PATHS = NO;
				CLANG_ANALYZER_NONNULL = YES;
				CLANG_ANALYZER_NUMBER_OBJECT_CONVERSION = YES_AGGRESSIVE;
				CLANG_CXX_LANGUAGE_STANDARD = "gnu++14";
				CLANG_CXX_LIBRARY = "libc++";
				CLANG_ENABLE_MODULES = YES;
				CLANG_ENABLE_OBJC_ARC = YES;
				CLANG_ENABLE_OBJC_WEAK = YES;
				CLANG_WARN_BLOCK_CAPTURE_AUTORELEASING = YES;
				CLANG_WARN_BOOL_CONVERSION = YES;
				CLANG_WARN_COMMA = YES;
				CLANG_WARN_CONSTANT_CONVERSION = YES;
				CLANG_WARN_DEPRECATED_OBJC_IMPLEMENTATIONS = YES;
				CLANG_WARN_DIRECT_OBJC_ISA_USAGE = YES_ERROR;
				CLANG_WARN_DOCUMENTATION_COMMENTS = YES;
				CLANG_WARN_EMPTY_BODY = YES;
				CLANG_WARN_ENUM_CONVERSION = YES;
				CLANG_WARN_INFINITE_RECURSION = YES;
				CLANG_WARN_INT_CONVERSION = YES;
				CLANG_WARN_NON_LITERAL_NULL_CONVERSION = YES;
				CLANG_WARN_OBJC_IMPLICIT_RETAIN_SELF = YES;
				CLANG_WARN_OBJC_LITERAL_CONVERSION = YES;
				CLANG_WARN_OBJC_ROOT_CLASS = YES_ERROR;
				CLANG_WARN_QUOTED_INCLUDE_IN_FRAMEWORK_HEADER = YES;
				CLANG_WARN_RANGE_LOOP_ANALYSIS = YES;
				CLANG_WARN_STRICT_PROTOTYPES = YES;
				CLANG_WARN_SUSPICIOUS_MOVE = YES;
				CLANG_WARN_UNGUARDED_AVAILABILITY = YES_AGGRESSIVE;
				CLANG_WARN_UNREACHABLE_CODE = YES;
				CLANG_WARN__DUPLICATE_METHOD_MATCH = YES;
				COPY_PHASE_STRIP = NO;
				DEBUG_INFORMATION_FORMAT = "dwarf-with-dsym";
				ENABLE_NS_ASSERTIONS = NO;
				ENABLE_STRICT_OBJC_MSGSEND = YES;
				GCC_C_LANGUAGE_STANDARD = gnu11;
				GCC_NO_COMMON_BLOCKS = YES;
				GCC_WARN_64_TO_32_BIT_CONVERSION = YES;
				GCC_WARN_ABOUT_RETURN_TYPE = YES_ERROR;
				GCC_WARN_UNDECLARED_SELECTOR = YES;
				GCC_WARN_UNINITIALIZED_AUTOS = YES_AGGRESSIVE;
				GCC_WARN_UNUSED_FUNCTION = YES;
				GCC_WARN_UNUSED_VARIABLE = YES;
				IPHONEOS_DEPLOYMENT_TARGET = 14.5;
				MTL_ENABLE_DEBUG_INFO = NO;
				MTL_FAST_MATH = YES;
				SDKROOT = iphoneos;
				SWIFT_COMPILATION_MODE = wholemodule;
				SWIFT_OPTIMIZATION_LEVEL = "-O";
				VALIDATE_PRODUCT = YES;
			};
			name = Release;
		};
		668C30E726719E52002FD8AD /* Debug */ = {
			isa = XCBuildConfiguration;
			baseConfigurationReference = B0A0A4861D41EDFE156815E7 /* Pods-tonkotsu_ramen.debug.xcconfig */;
			buildSettings = {
				ASSETCATALOG_COMPILER_APPICON_NAME = AppIcon;
				ASSETCATALOG_COMPILER_GLOBAL_ACCENT_COLOR_NAME = AccentColor;
				CODE_SIGN_STYLE = Automatic;
				DEVELOPMENT_TEAM = 84Y6X6PKWV;
				INFOPLIST_FILE = tonkotsu_ramen/Info.plist;
				LD_RUNPATH_SEARCH_PATHS = (
					"$(inherited)",
					"@executable_path/Frameworks",
				);
				PRODUCT_BUNDLE_IDENTIFIER = "com.omochi.tonkotsu-ramen";
				PRODUCT_NAME = "$(TARGET_NAME)";
				SWIFT_VERSION = 5.0;
				TARGETED_DEVICE_FAMILY = "1,2";
			};
			name = Debug;
		};
		668C30E826719E52002FD8AD /* Release */ = {
			isa = XCBuildConfiguration;
			baseConfigurationReference = 7755F99191303681329E969D /* Pods-tonkotsu_ramen.release.xcconfig */;
			buildSettings = {
				ASSETCATALOG_COMPILER_APPICON_NAME = AppIcon;
				ASSETCATALOG_COMPILER_GLOBAL_ACCENT_COLOR_NAME = AccentColor;
				CODE_SIGN_STYLE = Automatic;
				DEVELOPMENT_TEAM = 84Y6X6PKWV;
				INFOPLIST_FILE = tonkotsu_ramen/Info.plist;
				LD_RUNPATH_SEARCH_PATHS = (
					"$(inherited)",
					"@executable_path/Frameworks",
				);
				PRODUCT_BUNDLE_IDENTIFIER = "com.omochi.tonkotsu-ramen";
				PRODUCT_NAME = "$(TARGET_NAME)";
				SWIFT_VERSION = 5.0;
				TARGETED_DEVICE_FAMILY = "1,2";
			};
			name = Release;
		};
		668C30EA26719E52002FD8AD /* Debug */ = {
			isa = XCBuildConfiguration;
			baseConfigurationReference = B3A7DA406C34D9A6C8AF187E /* Pods-tonkotsu_ramenTests.debug.xcconfig */;
			buildSettings = {
				ALWAYS_EMBED_SWIFT_STANDARD_LIBRARIES = YES;
				BUNDLE_LOADER = "$(TEST_HOST)";
				CODE_SIGN_STYLE = Automatic;
				DEVELOPMENT_TEAM = 84Y6X6PKWV;
				INFOPLIST_FILE = tonkotsu_ramenTests/Info.plist;
				IPHONEOS_DEPLOYMENT_TARGET = 14.5;
				LD_RUNPATH_SEARCH_PATHS = (
					"$(inherited)",
					"@executable_path/Frameworks",
					"@loader_path/Frameworks",
				);
				PRODUCT_BUNDLE_IDENTIFIER = "com.omochi.tonkotsu-ramenTests";
				PRODUCT_NAME = "$(TARGET_NAME)";
				SWIFT_VERSION = 5.0;
				TARGETED_DEVICE_FAMILY = "1,2";
				TEST_HOST = "$(BUILT_PRODUCTS_DIR)/tonkotsu_ramen.app/tonkotsu_ramen";
			};
			name = Debug;
		};
		668C30EB26719E52002FD8AD /* Release */ = {
			isa = XCBuildConfiguration;
			baseConfigurationReference = 667914CACC882458ED599277 /* Pods-tonkotsu_ramenTests.release.xcconfig */;
			buildSettings = {
				ALWAYS_EMBED_SWIFT_STANDARD_LIBRARIES = YES;
				BUNDLE_LOADER = "$(TEST_HOST)";
				CODE_SIGN_STYLE = Automatic;
				DEVELOPMENT_TEAM = 84Y6X6PKWV;
				INFOPLIST_FILE = tonkotsu_ramenTests/Info.plist;
				IPHONEOS_DEPLOYMENT_TARGET = 14.5;
				LD_RUNPATH_SEARCH_PATHS = (
					"$(inherited)",
					"@executable_path/Frameworks",
					"@loader_path/Frameworks",
				);
				PRODUCT_BUNDLE_IDENTIFIER = "com.omochi.tonkotsu-ramenTests";
				PRODUCT_NAME = "$(TARGET_NAME)";
				SWIFT_VERSION = 5.0;
				TARGETED_DEVICE_FAMILY = "1,2";
				TEST_HOST = "$(BUILT_PRODUCTS_DIR)/tonkotsu_ramen.app/tonkotsu_ramen";
			};
			name = Release;
		};
		668C30ED26719E52002FD8AD /* Debug */ = {
			isa = XCBuildConfiguration;
			baseConfigurationReference = 05F8C614189598025DD205BE /* Pods-tonkotsu_ramen-tonkotsu_ramenUITests.debug.xcconfig */;
			buildSettings = {
				ALWAYS_EMBED_SWIFT_STANDARD_LIBRARIES = YES;
				CODE_SIGN_STYLE = Automatic;
				DEVELOPMENT_TEAM = 84Y6X6PKWV;
				INFOPLIST_FILE = tonkotsu_ramenUITests/Info.plist;
				LD_RUNPATH_SEARCH_PATHS = (
					"$(inherited)",
					"@executable_path/Frameworks",
					"@loader_path/Frameworks",
				);
				PRODUCT_BUNDLE_IDENTIFIER = "com.omochi.tonkotsu-ramenUITests";
				PRODUCT_NAME = "$(TARGET_NAME)";
				SWIFT_VERSION = 5.0;
				TARGETED_DEVICE_FAMILY = "1,2";
				TEST_TARGET_NAME = tonkotsu_ramen;
			};
			name = Debug;
		};
		668C30EE26719E52002FD8AD /* Release */ = {
			isa = XCBuildConfiguration;
			baseConfigurationReference = B44BBD323E4398EDF1F1360F /* Pods-tonkotsu_ramen-tonkotsu_ramenUITests.release.xcconfig */;
			buildSettings = {
				ALWAYS_EMBED_SWIFT_STANDARD_LIBRARIES = YES;
				CODE_SIGN_STYLE = Automatic;
				DEVELOPMENT_TEAM = 84Y6X6PKWV;
				INFOPLIST_FILE = tonkotsu_ramenUITests/Info.plist;
				LD_RUNPATH_SEARCH_PATHS = (
					"$(inherited)",
					"@executable_path/Frameworks",
					"@loader_path/Frameworks",
				);
				PRODUCT_BUNDLE_IDENTIFIER = "com.omochi.tonkotsu-ramenUITests";
				PRODUCT_NAME = "$(TARGET_NAME)";
				SWIFT_VERSION = 5.0;
				TARGETED_DEVICE_FAMILY = "1,2";
				TEST_TARGET_NAME = tonkotsu_ramen;
			};
			name = Release;
		};
/* End XCBuildConfiguration section */

/* Begin XCConfigurationList section */
		668C30B726719E50002FD8AD /* Build configuration list for PBXProject "tonkotsu_ramen" */ = {
			isa = XCConfigurationList;
			buildConfigurations = (
				668C30E426719E52002FD8AD /* Debug */,
				668C30E526719E52002FD8AD /* Release */,
			);
			defaultConfigurationIsVisible = 0;
			defaultConfigurationName = Release;
		};
		668C30E626719E52002FD8AD /* Build configuration list for PBXNativeTarget "tonkotsu_ramen" */ = {
			isa = XCConfigurationList;
			buildConfigurations = (
				668C30E726719E52002FD8AD /* Debug */,
				668C30E826719E52002FD8AD /* Release */,
			);
			defaultConfigurationIsVisible = 0;
			defaultConfigurationName = Release;
		};
		668C30E926719E52002FD8AD /* Build configuration list for PBXNativeTarget "tonkotsu_ramenTests" */ = {
			isa = XCConfigurationList;
			buildConfigurations = (
				668C30EA26719E52002FD8AD /* Debug */,
				668C30EB26719E52002FD8AD /* Release */,
			);
			defaultConfigurationIsVisible = 0;
			defaultConfigurationName = Release;
		};
		668C30EC26719E52002FD8AD /* Build configuration list for PBXNativeTarget "tonkotsu_ramenUITests" */ = {
			isa = XCConfigurationList;
			buildConfigurations = (
				668C30ED26719E52002FD8AD /* Debug */,
				668C30EE26719E52002FD8AD /* Release */,
			);
			defaultConfigurationIsVisible = 0;
			defaultConfigurationName = Release;
		};
/* End XCConfigurationList section */
	};
	rootObject = 668C30B426719E50002FD8AD /* Project object */;
}
